Microsoft Visual Studio Solution File, Format Version 12.00
# Visual Studio Version 17
VisualStudioVersion = 17.3.32929.385
MinimumVisualStudioVersion = 10.0.40219.1
Project("{9A19103F-16F7-4668-BE54-9A1E7A4F7556}") = "StatisticsAnalysisTool", "StatisticsAnalysisTool\StatisticsAnalysisTool.csproj", "{02F8395A-F9F6-4D53-AF2F-D83F6B8F8ADD}"
EndProject
Project("{9A19103F-16F7-4668-BE54-9A1E7A4F7556}") = "StatisticsAnalysisTool.UnitTests", "StatisticsAnalysisTool.UnitTests\StatisticsAnalysisTool.UnitTests.csproj", "{F42D6642-53EF-4395-96BE-AE57020F7528}"
EndProject
Project("{2150E333-8FDC-42A3-9474-1A3956D46DE8}") = "Solution Items", "Solution Items", "{B6CAC311-72F2-4BA2-929D-51CE62BF1BFE}"
	ProjectSection(SolutionItems) = preProject
		.editorconfig = .editorconfig
	EndProjectSection
EndProject
Project("{9A19103F-16F7-4668-BE54-9A1E7A4F7556}") = "StatisticsAnalysisTool.Network", "StatisticsAnalysisTool.Network\StatisticsAnalysisTool.Network.csproj", "{3EFADBA6-CBC5-479F-900B-369353AA04BB}"
EndProject
Project("{FAE04EC0-301F-11D3-BF4B-00C04F79EFBC}") = "StatisticAnalysisTool.Extractor", "StatisticAnalysisTool.Extractor\StatisticAnalysisTool.Extractor.csproj", "{BB6567DA-B6A1-468F-8D16-B93272C7E061}"
EndProject
Global
	GlobalSection(SolutionConfigurationPlatforms) = preSolution
		Debug|Any CPU = Debug|Any CPU
		Debug|x64 = Debug|x64
		Debug|x86 = Debug|x86
		Release|Any CPU = Release|Any CPU
		Release|x64 = Release|x64
		Release|x86 = Release|x86
	EndGlobalSection
	GlobalSection(ProjectConfigurationPlatforms) = postSolution
		{02F8395A-F9F6-4D53-AF2F-D83F6B8F8ADD}.Debug|Any CPU.ActiveCfg = Debug|Any CPU
		{02F8395A-F9F6-4D53-AF2F-D83F6B8F8ADD}.Debug|Any CPU.Build.0 = Debug|Any CPU
		{02F8395A-F9F6-4D53-AF2F-D83F6B8F8ADD}.Debug|x64.ActiveCfg = Debug|Any CPU
		{02F8395A-F9F6-4D53-AF2F-D83F6B8F8ADD}.Debug|x64.Build.0 = Debug|Any CPU
		{02F8395A-F9F6-4D53-AF2F-D83F6B8F8ADD}.Debug|x86.ActiveCfg = Debug|Any CPU
		{02F8395A-F9F6-4D53-AF2F-D83F6B8F8ADD}.Debug|x86.Build.0 = Debug|Any CPU
		{02F8395A-F9F6-4D53-AF2F-D83F6B8F8ADD}.Release|Any CPU.ActiveCfg = Release|Any CPU
		{02F8395A-F9F6-4D53-AF2F-D83F6B8F8ADD}.Release|Any CPU.Build.0 = Release|Any CPU
		{02F8395A-F9F6-4D53-AF2F-D83F6B8F8ADD}.Release|x64.ActiveCfg = Release|x64
		{02F8395A-F9F6-4D53-AF2F-D83F6B8F8ADD}.Release|x64.Build.0 = Release|x64
		{02F8395A-F9F6-4D53-AF2F-D83F6B8F8ADD}.Release|x86.ActiveCfg = Release|x86
		{02F8395A-F9F6-4D53-AF2F-D83F6B8F8ADD}.Release|x86.Build.0 = Release|x86
		{F42D6642-53EF-4395-96BE-AE57020F7528}.Debug|Any CPU.ActiveCfg = Debug|Any CPU
		{F42D6642-53EF-4395-96BE-AE57020F7528}.Debug|Any CPU.Build.0 = Debug|Any CPU
		{F42D6642-53EF-4395-96BE-AE57020F7528}.Debug|x64.ActiveCfg = Debug|Any CPU
		{F42D6642-53EF-4395-96BE-AE57020F7528}.Debug|x64.Build.0 = Debug|Any CPU
		{F42D6642-53EF-4395-96BE-AE57020F7528}.Debug|x86.ActiveCfg = Debug|Any CPU
		{F42D6642-53EF-4395-96BE-AE57020F7528}.Debug|x86.Build.0 = Debug|Any CPU
		{F42D6642-53EF-4395-96BE-AE57020F7528}.Release|Any CPU.ActiveCfg = Release|Any CPU
		{F42D6642-53EF-4395-96BE-AE57020F7528}.Release|Any CPU.Build.0 = Release|Any CPU
		{F42D6642-53EF-4395-96BE-AE57020F7528}.Release|x64.ActiveCfg = Release|Any CPU
		{F42D6642-53EF-4395-96BE-AE57020F7528}.Release|x64.Build.0 = Release|Any CPU
		{F42D6642-53EF-4395-96BE-AE57020F7528}.Release|x86.ActiveCfg = Release|Any CPU
		{F42D6642-53EF-4395-96BE-AE57020F7528}.Release|x86.Build.0 = Release|Any CPU
		{3EFADBA6-CBC5-479F-900B-369353AA04BB}.Debug|Any CPU.ActiveCfg = Debug|Any CPU
		{3EFADBA6-CBC5-479F-900B-369353AA04BB}.Debug|Any CPU.Build.0 = Debug|Any CPU
		{3EFADBA6-CBC5-479F-900B-369353AA04BB}.Debug|x64.ActiveCfg = Debug|Any CPU
		{3EFADBA6-CBC5-479F-900B-369353AA04BB}.Debug|x64.Build.0 = Debug|Any CPU
		{3EFADBA6-CBC5-479F-900B-369353AA04BB}.Debug|x86.ActiveCfg = Debug|Any CPU
		{3EFADBA6-CBC5-479F-900B-369353AA04BB}.Debug|x86.Build.0 = Debug|Any CPU
		{3EFADBA6-CBC5-479F-900B-369353AA04BB}.Release|Any CPU.ActiveCfg = Release|Any CPU
		{3EFADBA6-CBC5-479F-900B-369353AA04BB}.Release|Any CPU.Build.0 = Release|Any CPU
		{3EFADBA6-CBC5-479F-900B-369353AA04BB}.Release|x64.ActiveCfg = Release|Any CPU
		{3EFADBA6-CBC5-479F-900B-369353AA04BB}.Release|x64.Build.0 = Release|Any CPU
		{3EFADBA6-CBC5-479F-900B-369353AA04BB}.Release|x86.ActiveCfg = Release|Any CPU
		{3EFADBA6-CBC5-479F-900B-369353AA04BB}.Release|x86.Build.0 = Release|Any CPU
		{BB6567DA-B6A1-468F-8D16-B93272C7E061}.Debug|Any CPU.ActiveCfg = Debug|Any CPU
		{BB6567DA-B6A1-468F-8D16-B93272C7E061}.Debug|Any CPU.Build.0 = Debug|Any CPU
		{BB6567DA-B6A1-468F-8D16-B93272C7E061}.Debug|x64.ActiveCfg = Debug|Any CPU
		{BB6567DA-B6A1-468F-8D16-B93272C7E061}.Debug|x64.Build.0 = Debug|Any CPU
		{BB6567DA-B6A1-468F-8D16-B93272C7E061}.Debug|x86.ActiveCfg = Debug|Any CPU
		{BB6567DA-B6A1-468F-8D16-B93272C7E061}.Debug|x86.Build.0 = Debug|Any CPU
		{BB6567DA-B6A1-468F-8D16-B93272C7E061}.Release|Any CPU.ActiveCfg = Release|Any CPU
		{BB6567DA-B6A1-468F-8D16-B93272C7E061}.Release|Any CPU.Build.0 = Release|Any CPU
		{BB6567DA-B6A1-468F-8D16-B93272C7E061}.Release|x64.ActiveCfg = Release|Any CPU
		{BB6567DA-B6A1-468F-8D16-B93272C7E061}.Release|x64.Build.0 = Release|Any CPU
		{BB6567DA-B6A1-468F-8D16-B93272C7E061}.Release|x86.ActiveCfg = Release|Any CPU
		{BB6567DA-B6A1-468F-8D16-B93272C7E061}.Release|x86.Build.0 = Release|Any CPU
	EndGlobalSection
	GlobalSection(SolutionProperties) = preSolution
		HideSolutionNode = FALSE
	EndGlobalSection
	GlobalSection(ExtensibilityGlobals) = postSolution
		SolutionGuid = {1E1097B3-237F-4647-998D-C8EDCA35C74F}
	EndGlobalSection
EndGlobal
